# This file is automatically @generated by Cargo.
# It is not intended for manual editing.
version = 4

[[package]]
name = "slopify"
version = "0.1.0"

[[package]]
name = "slopify-auth"
version = "0.1.0"

[[package]]
name = "slopify-spotify"
version = "0.1.0"

[[package]]
name = "slopify-state"
version = "0.1.0"
